{
  "name": "disnotify",
  "version": "1.0.0",
  "lockfileVersion": 2,
  "requires": true,
  "packages": {
    "": {
      "name": "disnotify",
      "version": "1.0.0",
      "license": "MIT",
      "dependencies": {
        "hookcord": "^2.0.2"
      }
    },
    "node_modules/hookcord": {
      "version": "2.0.2",
      "resolved": "https://registry.npmjs.org/hookcord/-/hookcord-2.0.2.tgz",
      "integrity": "sha512-MumHP4G5JdyMAwO8dv4JlpUJtnUl6ff0juZtb2h0CkFU/NYrrjxjj35bYoYOQwqMerBRuK4PmNGEq4hOrQ/0fw==",
      "dependencies": {
        "snekfetch": "^4.0.2"
      }
    },
    "node_modules/snekfetch": {
      "version": "4.0.4",
      "resolved": "https://registry.npmjs.org/snekfetch/-/snekfetch-4.0.4.tgz",
      "integrity": "sha512-dyycG9fvwtSJqKPfMVOpXt+60qvMGe7vWLwOJDiSJaiAx+hs2EnFChG2bXCWn7ulz+zGzrHdN9/yeEb0YqEPww==",
      "deprecated": "use node-fetch instead"
    }
  },
  "dependencies": {
    "hookcord": {
      "version": "2.0.2",
      "resolved": "https://registry.npmjs.org/hookcord/-/hookcord-2.0.2.tgz",
      "integrity": "sha512-MumHP4G5JdyMAwO8dv4JlpUJtnUl6ff0juZtb2h0CkFU/NYrrjxjj35bYoYOQwqMerBRuK4PmNGEq4hOrQ/0fw==",
      "requires": {
        "snekfetch": "^4.0.2"
      }
    },
    "snekfetch": {
      "version": "4.0.4",
      "resolved": "https://registry.npmjs.org/snekfetch/-/snekfetch-4.0.4.tgz",
      "integrity": "sha512-dyycG9fvwtSJqKPfMVOpXt+60qvMGe7vWLwOJDiSJaiAx+hs2EnFChG2bXCWn7ulz+zGzrHdN9/yeEb0YqEPww=="
    }
  }
}
